
Microsoft Visual Studio Solution File, Format Version 12.00
# Visual Studio Version 16
VisualStudioVersion = 16.0.29519.181
MinimumVisualStudioVersion = 10.0.40219.1
Project("{FAE04EC0-301F-11D3-BF4B-00C04F79EFBC}") = "porazryad", "porazryad\porazryad.csproj", "{AC6BBA3E-99FF-4DA3-BB48-EF136C031920}"
EndProject
Global
	GlobalSection(SolutionConfigurationPlatforms) = preSolution
		Debug|Any CPU = Debug|Any CPU
		Release|Any CPU = Release|Any CPU
	EndGlobalSection
	GlobalSection(ProjectConfigurationPlatforms) = postSolution
		{AC6BBA3E-99FF-4DA3-BB48-EF136C031920}.Debug|Any CPU.ActiveCfg = Debug|Any CPU
		{AC6BBA3E-99FF-4DA3-BB48-EF136C031920}.Debug|Any CPU.Build.0 = Debug|Any CPU
		{AC6BBA3E-99FF-4DA3-BB48-EF136C031920}.Release|Any CPU.ActiveCfg = Release|Any CPU
		{AC6BBA3E-99FF-4DA3-BB48-EF136C031920}.Release|Any CPU.Build.0 = Release|Any CPU
	EndGlobalSection
	GlobalSection(SolutionProperties) = preSolution
		HideSolutionNode = FALSE
	EndGlobalSection
	GlobalSection(ExtensibilityGlobals) = postSolution
		SolutionGuid = {A1BF88AA-BE61-4D9F-9F15-9D5701C600E5}
	EndGlobalSection
EndGlobal
