
Microsoft Visual Studio Solution File, Format Version 12.00
# Visual Studio 2012
Project("{FAE04EC0-301F-11D3-BF4B-00C04F79EFBC}") = "differ", "differ\differ.csproj", "{0C2588B4-6905-46AA-BA56-2FF28253258D}"
EndProject
Project("{FAE04EC0-301F-11D3-BF4B-00C04F79EFBC}") = "system", "system\system.csproj", "{05DFDA9F-8907-4161-B8FB-670909C640E8}"
EndProject
Global
	GlobalSection(SolutionConfigurationPlatforms) = preSolution
		Debug|Any CPU = Debug|Any CPU
		Release|Any CPU = Release|Any CPU
	EndGlobalSection
	GlobalSection(ProjectConfigurationPlatforms) = postSolution
		{0C2588B4-6905-46AA-BA56-2FF28253258D}.Debug|Any CPU.ActiveCfg = Debug|Any CPU
		{0C2588B4-6905-46AA-BA56-2FF28253258D}.Debug|Any CPU.Build.0 = Debug|Any CPU
		{0C2588B4-6905-46AA-BA56-2FF28253258D}.Release|Any CPU.ActiveCfg = Release|Any CPU
		{0C2588B4-6905-46AA-BA56-2FF28253258D}.Release|Any CPU.Build.0 = Release|Any CPU
		{05DFDA9F-8907-4161-B8FB-670909C640E8}.Debug|Any CPU.ActiveCfg = Debug|Any CPU
		{05DFDA9F-8907-4161-B8FB-670909C640E8}.Debug|Any CPU.Build.0 = Debug|Any CPU
		{05DFDA9F-8907-4161-B8FB-670909C640E8}.Release|Any CPU.ActiveCfg = Release|Any CPU
		{05DFDA9F-8907-4161-B8FB-670909C640E8}.Release|Any CPU.Build.0 = Release|Any CPU
	EndGlobalSection
	GlobalSection(SolutionProperties) = preSolution
		HideSolutionNode = FALSE
	EndGlobalSection
EndGlobal
